PATH
  remote: .
  specs:
    rulers (0.1.4)
      erubis
      rack

GEM
  remote: https://rubygems.org/
  specs:
    cgi (0.4.2)
    date (3.4.1)
    erb (4.0.4)
      cgi (>= 0.3.3)
    erubis (2.7.0)
    io-console (0.8.1)
    irb (1.14.3)
      rdoc (>= 4.0.0)
      reline (>= 0.4.2)
    psych (5.2.2)
      date
      stringio
    rack (3.2.5)
    rack-test (2.2.0)
      rack (>= 1.3)
    rake (13.3.1)
    rdoc (6.14.0)
      erb
      psych (>= 4.0.0)
    reline (0.6.0)
      io-console (~> 0.5)
    stringio (3.1.2)

PLATFORMS
  ruby
  x86_64-linux

DEPENDENCIES
  irb
  rack-test
  rake (~> 13.0)
  rulers!

CHECKSUMS
  cgi (0.4.2) sha256=a3cb190d46a820ca01a3e28bd5b64e67003ff99d7884b70512448566f35347e6
  date (3.4.1) sha256=bf268e14ef7158009bfeaec40b5fa3c7271906e88b196d958a89d4b408abe64f
  erb (4.0.4) sha256=de116e106205c46bc01918789b611aaad1328dcc6e9f12cf8cd2cc60ef619717
  erubis (2.7.0) sha256=63653f5174a7997f6f1d6f465fbe1494dcc4bdab1fb8e635f6216989fb1148ba
  io-console (0.8.1) sha256=1e15440a6b2f67b6ea496df7c474ed62c860ad11237f29b3bd187f054b925fcb
  irb (1.14.3) sha256=c457f1f2f1438ae9ce5c5be3981ae2138dec7fb894c7d73777eeeb0a6c0d0752
  psych (5.2.2) sha256=a4a9477c85d3e858086c38cf64e7096abe40d1b1eed248b01020dec0ff9906ab
  rack (3.2.5) sha256=4cbd0974c0b79f7a139b4812004a62e4c60b145cba76422e288ee670601ed6d3
  rack-test (2.2.0) sha256=005a36692c306ac0b4a9350355ee080fd09ddef1148a5f8b2ac636c720f5c463
  rake (13.3.1) sha256=8c9e89d09f66a26a01264e7e3480ec0607f0c497a861ef16063604b1b08eb19c
  rdoc (6.14.0) sha256=2c46de58d7129b8743fcf6d76e3db971bdc914150e15ac06b386549bd82ed7db
  reline (0.6.0) sha256=57620375dcbe56ec09bac7192bfb7460c716bbf0054dc94345ecaa5438e539d2
  rulers (0.1.4)
  stringio (3.1.2) sha256=204f1828f85cdb39d57cac4abc6dc44b04505a223f131587f2e20ae3729ba131

BUNDLED WITH
  4.0.3
